[[package]]
name = "colorama"
version = "0.4.3"
description = "Cross-platform colored terminal text."
category = "main"
optional = false
python-versions = ">=2.7, !=3.0.*, !=3.1.*, !=3.2.*, !=3.3.*, !=3.4.*"

[[package]]
name = "nose"
version = "1.3.7"
description = "nose extends unittest to make testing easier"
category = "main"
optional = false
python-versions = "*"

[[package]]
name = "pyinotify"
version = "0.9.6"
description = "Linux filesystem events monitoring"
category = "main"
optional = false
python-versions = "*"

[[package]]
name = "python-termstyle"
version = "0.1.10"
description = "console colouring for python"
category = "main"
optional = false
python-versions = "*"

[[package]]
name = "sniffer"
version = "0.4.1"
description = "An automatic test runner. Supports nose out of the box."
category = "main"
optional = false
python-versions = "*"

[package.dependencies]
colorama = "*"
nose = "*"
python-termstyle = "*"

[package.extras]
growl = ["gntp (==0.7)"]
libnotify = ["py-notify (==0.3.1)"]
linux = ["pyinotify (==0.9.0)"]
osx = ["MacFSEvents (==0.2.8)"]

[metadata]
lock-version = "1.1"
python-versions = "^3.8"
content-hash = "754893ee211fe5225091656d5717bfdb926ffc295382410cdf2623edc3837a24"

[metadata.files]
colorama = []
nose = []
pyinotify = []
python-termstyle = []
sniffer = []
